
Microsoft Visual Studio Solution File, Format Version 12.00
# Visual Studio 15
VisualStudioVersion = 15.0.26730.3
MinimumVisualStudioVersion = 10.0.40219.1
Project("{FAE04EC0-301F-11D3-BF4B-00C04F79EFBC}") = "IbmiXmlServiceQuerySample1Cs", "IbmiXmlServiceQuerySample1Cs\IbmiXmlServiceQuerySample1Cs.csproj", "{222A2B91-4BB1-473A-97FA-14C324F836DB}"
EndProject
Global
	GlobalSection(SolutionConfigurationPlatforms) = preSolution
		Debug|Any CPU = Debug|Any CPU
		Release|Any CPU = Release|Any CPU
	EndGlobalSection
	GlobalSection(ProjectConfigurationPlatforms) = postSolution
		{222A2B91-4BB1-473A-97FA-14C324F836DB}.Debug|Any CPU.ActiveCfg = Debug|Any CPU
		{222A2B91-4BB1-473A-97FA-14C324F836DB}.Debug|Any CPU.Build.0 = Debug|Any CPU
		{222A2B91-4BB1-473A-97FA-14C324F836DB}.Release|Any CPU.ActiveCfg = Release|Any CPU
		{222A2B91-4BB1-473A-97FA-14C324F836DB}.Release|Any CPU.Build.0 = Release|Any CPU
	EndGlobalSection
	GlobalSection(SolutionProperties) = preSolution
		HideSolutionNode = FALSE
	EndGlobalSection
	GlobalSection(ExtensibilityGlobals) = postSolution
		SolutionGuid = {8E1DE161-8EAE-4EFA-A146-D94BD24EA3E2}
	EndGlobalSection
EndGlobal
